
Microsoft Visual Studio Solution File, Format Version 12.00
# Visual Studio Version 17
VisualStudioVersion = 17.9.34622.214
MinimumVisualStudioVersion = 10.0.40219.1
Project("{FAE04EC0-301F-11D3-BF4B-00C04F79EFBC}") = "SmartAnalyzer", "SmartAnalyzer\SmartAnalyzer.csproj", "{AA0CBB4E-9CAC-47CC-A5D3-A88C54C58D80}"
EndProject
Global
	GlobalSection(SolutionConfigurationPlatforms) = preSolution
		Debug|Any CPU = Debug|Any CPU
		Release|Any CPU = Release|Any CPU
	EndGlobalSection
	GlobalSection(ProjectConfigurationPlatforms) = postSolution
		{AA0CBB4E-9CAC-47CC-A5D3-A88C54C58D80}.Debug|Any CPU.ActiveCfg = Debug|Any CPU
		{AA0CBB4E-9CAC-47CC-A5D3-A88C54C58D80}.Debug|Any CPU.Build.0 = Debug|Any CPU
		{AA0CBB4E-9CAC-47CC-A5D3-A88C54C58D80}.Release|Any CPU.ActiveCfg = Release|Any CPU
		{AA0CBB4E-9CAC-47CC-A5D3-A88C54C58D80}.Release|Any CPU.Build.0 = Release|Any CPU
	EndGlobalSection
	GlobalSection(SolutionProperties) = preSolution
		HideSolutionNode = FALSE
	EndGlobalSection
	GlobalSection(ExtensibilityGlobals) = postSolution
		SolutionGuid = {ADCC8C4A-6A96-4E0B-B974-6D4F10AA950A}
	EndGlobalSection
EndGlobal
